
Microsoft Visual Studio Solution File, Format Version 12.00
# Visual Studio Version 16
VisualStudioVersion = 16.0.32106.194
MinimumVisualStudioVersion = 10.0.40219.1
Project("{888888A0-9F3D-457C-B088-3A5042F75D52}") = "workshop 3 - neural networks", "workshop 3 - neural networks\workshop 3 - neural networks.pyproj", "{BADC6A31-A876-444A-833F-90A148EFE33E}"
EndProject
Global
	GlobalSection(SolutionConfigurationPlatforms) = preSolution
		Debug|Any CPU = Debug|Any CPU
		Release|Any CPU = Release|Any CPU
	EndGlobalSection
	GlobalSection(ProjectConfigurationPlatforms) = postSolution
		{BADC6A31-A876-444A-833F-90A148EFE33E}.Debug|Any CPU.ActiveCfg = Debug|Any CPU
		{BADC6A31-A876-444A-833F-90A148EFE33E}.Release|Any CPU.ActiveCfg = Release|Any CPU
	EndGlobalSection
	GlobalSection(SolutionProperties) = preSolution
		HideSolutionNode = FALSE
	EndGlobalSection
	GlobalSection(ExtensibilityGlobals) = postSolution
		SolutionGuid = {A8262A26-E5C6-4C71-98BA-0B74BF1E16CD}
	EndGlobalSection
EndGlobal
